// !$*UTF8*$!
{
	archiveVersion = 1;
	classes = {
	};
	objectVersion = 50;
	objects = {

/* Begin PBXBuildFile section */
		18B12C652302FE4A009547BD /* AppDelegate.swift in Sources */ = {isa = PBXBuildFile; fileRef = 18B12C642302FE4A009547BD /* AppDelegate.swift */; };
		18B12C672302FE4A009547BD /* ViewController.swift in Sources */ = {isa = PBXBuildFile; fileRef = 18B12C662302FE4A009547BD /* ViewController.swift */; };
		18B12C6A2302FE4A009547BD /* Main.storyboard in Resources */ = {isa = PBXBuildFile; fileRef = 18B12C682302FE4A009547BD /* Main.storyboard */; };
		18B12C6D2302FE4A009547BD /* viewFinder.xcdatamodeld in Sources */ = {isa = PBXBuildFile; fileRef = 18B12C6B2302FE4A009547BD /* viewFinder.xcdatamodeld */; };
		18B12C6F2302FE4D009547BD /* Assets.xcassets in Resources */ = {isa = PBXBuildFile; fileRef = 18B12C6E2302FE4D009547BD /* Assets.xcassets */; };
		18B12C722302FE4D009547BD /* LaunchScreen.storyboard in Resources */ = {isa = PBXBuildFile; fileRef = 18B12C702302FE4D009547BD /* LaunchScreen.storyboard */; };
		18B12C7D2302FE4D009547BD /* viewFinderUITests.swift in Sources */ = {isa = PBXBuildFile; fileRef = 18B12C7C2302FE4D009547BD /* viewFinderUITests.swift */; };
/* End PBXBuildFile section */

/* Begin PBXContainerItemProxy section */
		18B12C792302FE4D009547BD /* PBXContainerItemProxy */ = {
			isa = PBXContainerItemProxy;
			containerPortal = 18B12C592302FE4A009547BD /* Project object */;
			proxyType = 1;
			remoteGlobalIDString = 18B12C602302FE4A009547BD;
			remoteInfo = viewFinder;
		};
/* End PBXContainerItemProxy section */

/* Begin PBXFileReference section */
		18B12C612302FE4A009547BD /* viewFinder.app */ = {isa = PBXFileReference; explicitFileType = wrapper.application; includeInIndex = 0; path = viewFinder.app; sourceTree = BUILT_PRODUCTS_DIR; };
		18B12C642302FE4A009547BD /* AppDelegate.swift */ = {isa = PBXFileReference; lastKnownFileType = sourcecode.swift; path = AppDelegate.swift; sourceTree = "<group>"; };
		18B12C662302FE4A009547BD /* ViewController.swift */ = {isa = PBXFileReference; lastKnownFileType = sourcecode.swift; path = ViewController.swift; sourceTree = "<group>"; };
		18B12C692302FE4A009547BD /* Base */ = {isa = PBXFileReference; lastKnownFileType = file.storyboard; name = Base; path = Base.lproj/Main.storyboard; sourceTree = "<group>"; };
		18B12C6C2302FE4A009547BD /* viewFinder.xcdatamodel */ = {isa = PBXFileReference; lastKnownFileType = wrapper.xcdatamodel; path = viewFinder.xcdatamodel; sourceTree = "<group>"; };
		18B12C6E2302FE4D009547BD /* Assets.xcassets */ = {isa = PBXFileReference; lastKnownFileType = folder.assetcatalog; path = Assets.xcassets; sourceTree = "<group>"; };
		18B12C712302FE4D009547BD /* Base */ = {isa = PBXFileReference; lastKnownFileType = file.storyboard; name = Base; path = Base.lproj/LaunchScreen.storyboard; sourceTree = "<group>"; };
		18B12C732302FE4D009547BD /* Info.plist */ = {isa = PBXFileReference; lastKnownFileType = text.plist.xml; path = Info.plist; sourceTree = "<group>"; };
		18B12C782302FE4D009547BD /* viewFinderUITests.xctest */ = {isa = PBXFileReference; explicitFileType = wrapper.cfbundle; includeInIndex = 0; path = viewFinderUITests.xctest; sourceTree = BUILT_PRODUCTS_DIR; };
		18B12C7C2302FE4D009547BD /* viewFinderUITests.swift */ = {isa = PBXFileReference; lastKnownFileType = sourcecode.swift; path = viewFinderUITests.swift; sourceTree = "<group>"; };
		18B12C7E2302FE4D009547BD /* Info.plist */ = {isa = PBXFileReference; lastKnownFileType = text.plist.xml; path = Info.plist; sourceTree = "<group>"; };
/* End PBXFileReference section */

/* Begin PBXFrameworksBuildPhase section */
		18B12C5E2302FE4A009547BD /* Frameworks */ = {
			isa = PBXFrameworksBuildPhase;
			buildActionMask = 2147483647;
			files = (
			);
			runOnlyForDeploymentPostprocessing = 0;
		};
		18B12C752302FE4D009547BD /* Frameworks */ = {
			isa = PBXFrameworksBuildPhase;
			buildActionMask = 2147483647;
			files = (
			);
			runOnlyForDeploymentPostprocessing = 0;
		};
/* End PBXFrameworksBuildPhase section */

/* Begin PBXGroup section */
		18B12C582302FE4A009547BD = {
			isa = PBXGroup;
			children = (
				18B12C632302FE4A009547BD /* viewFinder */,
				18B12C7B2302FE4D009547BD /* viewFinderUITests */,
				18B12C622302FE4A009547BD /* Products */,
			);
			sourceTree = "<group>";
		};
		18B12C622302FE4A009547BD /* Products */ = {
			isa = PBXGroup;
			children = (
				18B12C612302FE4A009547BD /* viewFinder.app */,
				18B12C782302FE4D009547BD /* viewFinderUITests.xctest */,
			);
			name = Products;
			sourceTree = "<group>";
		};
		18B12C632302FE4A009547BD /* viewFinder */ = {
			isa = PBXGroup;
			children = (
				18B12C642302FE4A009547BD /* AppDelegate.swift */,
				18B12C662302FE4A009547BD /* ViewController.swift */,
				18B12C682302FE4A009547BD /* Main.storyboard */,
				18B12C6E2302FE4D009547BD /* Assets.xcassets */,
				18B12C702302FE4D009547BD /* LaunchScreen.storyboard */,
				18B12C732302FE4D009547BD /* Info.plist */,
				18B12C6B2302FE4A009547BD /* viewFinder.xcdatamodeld */,
			);
			path = viewFinder;
			sourceTree = "<group>";
		};
		18B12C7B2302FE4D009547BD /* viewFinderUITests */ = {
			isa = PBXGroup;
			children = (
				18B12C7C2302FE4D009547BD /* viewFinderUITests.swift */,
				18B12C7E2302FE4D009547BD /* Info.plist */,
			);
			path = viewFinderUITests;
			sourceTree = "<group>";
		};
/* End PBXGroup section */

/* Begin PBXNativeTarget section */
		18B12C602302FE4A009547BD /* viewFinder */ = {
			isa = PBXNativeTarget;
			buildConfigurationList = 18B12C812302FE4D009547BD /* Build configuration list for PBXNativeTarget "viewFinder" */;
			buildPhases = (
				18B12C5D2302FE4A009547BD /* Sources */,
				18B12C5E2302FE4A009547BD /* Frameworks */,
				18B12C5F2302FE4A009547BD /* Resources */,
			);
			buildRules = (
			);
			dependencies = (
			);
			name = viewFinder;
			productName = viewFinder;
			productReference = 18B12C612302FE4A009547BD /* viewFinder.app */;
			productType = "com.apple.product-type.application";
		};
		18B12C772302FE4D009547BD /* viewFinderUITests */ = {
			isa = PBXNativeTarget;
			buildConfigurationList = 18B12C842302FE4D009547BD /* Build configuration list for PBXNativeTarget "viewFinderUITests" */;
			buildPhases = (
				18B12C742302FE4D009547BD /* Sources */,
				18B12C752302FE4D009547BD /* Frameworks */,
				18B12C762302FE4D009547BD /* Resources */,
			);
			buildRules = (
			);
			dependencies = (
				18B12C7A2302FE4D009547BD /* PBXTargetDependency */,
			);
			name = viewFinderUITests;
			productName = viewFinderUITests;
			productReference = 18B12C782302FE4D009547BD /* viewFinderUITests.xctest */;
			productType = "com.apple.product-type.bundle.ui-testing";
		};
/* End PBXNativeTarget section */

/* Begin PBXProject section */
		18B12C592302FE4A009547BD /* Project object */ = {
			isa = PBXProject;
			attributes = {
				LastSwiftUpdateCheck = 1020;
				LastUpgradeCheck = 1020;
				ORGANIZATIONNAME = Apple;
				TargetAttributes = {
					18B12C602302FE4A009547BD = {
						CreatedOnToolsVersion = 10.2.1;
					};
					18B12C772302FE4D009547BD = {
						CreatedOnToolsVersion = 10.2.1;
						TestTargetID = 18B12C602302FE4A009547BD;
					};
				};
			};
			buildConfigurationList = 18B12C5C2302FE4A009547BD /* Build configuration list for PBXProject "viewFinder" */;
			compatibilityVersion = "Xcode 9.3";
			developmentRegion = en;
			hasScannedForEncodings = 0;
			knownRegions = (
				en,
				Base,
			);
			mainGroup = 18B12C582302FE4A009547BD;
			productRefGroup = 18B12C622302FE4A009547BD /* Products */;
			projectDirPath = "";
			projectRoot = "";
			targets = (
				18B12C602302FE4A009547BD /* viewFinder */,
				18B12C772302FE4D009547BD /* viewFinderUITests */,
			);
		};
/* End PBXProject section */

/* Begin PBXResourcesBuildPhase section */
		18B12C5F2302FE4A009547BD /* Resources */ = {
			isa = PBXResourcesBuildPhase;
			buildActionMask = 2147483647;
			files = (
				18B12C722302FE4D009547BD /* LaunchScreen.storyboard in Resources */,
				18B12C6F2302FE4D009547BD /* Assets.xcassets in Resources */,
				18B12C6A2302FE4A009547BD /* Main.storyboard in Resources */,
			);
			runOnlyForDeploymentPostprocessing = 0;
		};
		18B12C762302FE4D009547BD /* Resources */ = {
			isa = PBXResourcesBuildPhase;
			buildActionMask = 2147483647;
			files = (
			);
			runOnlyForDeploymentPostprocessing = 0;
		};
/* End PBXResourcesBuildPhase section */

/* Begin PBXSourcesBuildPhase section */
		18B12C5D2302FE4A009547BD /* Sources */ = {
			isa = PBXSourcesBuildPhase;
			buildActionMask = 2147483647;
			files = (
				18B12C672302FE4A009547BD /* ViewController.swift in Sources */,
				18B12C6D2302FE4A009547BD /* viewFinder.xcdatamodeld in Sources */,
				18B12C652302FE4A009547BD /* AppDelegate.swift in Sources */,
			);
			runOnlyForDeploymentPostprocessing = 0;
		};
		18B12C742302FE4D009547BD /* Sources */ = {
			isa = PBXSourcesBuildPhase;
			buildActionMask = 2147483647;
			files = (
				18B12C7D2302FE4D009547BD /* viewFinderUITests.swift in Sources */,
			);
			runOnlyForDeploymentPostprocessing = 0;
		};
/* End PBXSourcesBuildPhase section */

/* Begin PBXTargetDependency section */
		18B12C7A2302FE4D009547BD /* PBXTargetDependency */ = {
			isa = PBXTargetDependency;
			target = 18B12C602302FE4A009547BD /* viewFinder */;
			targetProxy = 18B12C792302FE4D009547BD /* PBXContainerItemProxy */;
		};
/* End PBXTargetDependency section */

/* Begin PBXVariantGroup section */
		18B12C682302FE4A009547BD /* Main.storyboard */ = {
			isa = PBXVariantGroup;
			children = (
				18B12C692302FE4A009547BD /* Base */,
			);
			name = Main.storyboard;
			sourceTree = "<group>";
		};
		18B12C702302FE4D009547BD /* LaunchScreen.storyboard */ = {
			isa = PBXVariantGroup;
			children = (
				18B12C712302FE4D009547BD /* Base */,
			);
			name = LaunchScreen.storyboard;
			sourceTree = "<group>";
		};
/* End PBXVariantGroup section */

/* Begin XCBuildConfiguration section */
		18B12C7F2302FE4D009547BD /* Debug */ = {
			isa = XCBuildConfiguration;
			buildSettings = {
				ALWAYS_SEARCH_USER_PATHS = NO;
				CLANG_ANALYZER_NONNULL = YES;
				CLANG_ANALYZER_NUMBER_OBJECT_CONVERSION = YES_AGGRESSIVE;
				CLANG_CXX_LANGUAGE_STANDARD = "gnu++14";
				CLANG_CXX_LIBRARY = "libc++";
				CLANG_ENABLE_MODULES = YES;
				CLANG_ENABLE_OBJC_ARC = YES;
				CLANG_ENABLE_OBJC_WEAK = YES;
				CLANG_WARN_BLOCK_CAPTURE_AUTORELEASING = YES;
				CLANG_WARN_BOOL_CONVERSION = YES;
				CLANG_WARN_COMMA = YES;
				CLANG_WARN_CONSTANT_CONVERSION = YES;
				CLANG_WARN_DEPRECATED_OBJC_IMPLEMENTATIONS = YES;
				CLANG_WARN_DIRECT_OBJC_ISA_USAGE = YES_ERROR;
				CLANG_WARN_DOCUMENTATION_COMMENTS = YES;
				CLANG_WARN_EMPTY_BODY = YES;
				CLANG_WARN_ENUM_CONVERSION = YES;
				CLANG_WARN_INFINITE_RECURSION = YES;
				CLANG_WARN_INT_CONVERSION = YES;
				CLANG_WARN_NON_LITERAL_NULL_CONVERSION = YES;
				CLANG_WARN_OBJC_IMPLICIT_RETAIN_SELF = YES;
				CLANG_WARN_OBJC_LITERAL_CONVERSION = YES;
				CLANG_WARN_OBJC_ROOT_CLASS = YES_ERROR;
				CLANG_WARN_RANGE_LOOP_ANALYSIS = YES;
				CLANG_WARN_STRICT_PROTOTYPES = YES;
				CLANG_WARN_SUSPICIOUS_MOVE = YES;
				CLANG_WARN_UNGUARDED_AVAILABILITY = YES_AGGRESSIVE;
				CLANG_WARN_UNREACHABLE_CODE = YES;
				CLANG_WARN__DUPLICATE_METHOD_MATCH = YES;
				CODE_SIGN_IDENTITY = "iPhone Developer";
				COPY_PHASE_STRIP = NO;
				DEBUG_INFORMATION_FORMAT = dwarf;
				ENABLE_STRICT_OBJC_MSGSEND = YES;
				ENABLE_TESTABILITY = YES;
				GCC_C_LANGUAGE_STANDARD = gnu11;
				GCC_DYNAMIC_NO_PIC = NO;
				GCC_NO_COMMON_BLOCKS = YES;
				GCC_OPTIMIZATION_LEVEL = 0;
				GCC_PREPROCESSOR_DEFINITIONS = (
					"DEBUG=1",
					"$(inherited)",
				);
				GCC_WARN_64_TO_32_BIT_CONVERSION = YES;
				GCC_WARN_ABOUT_RETURN_TYPE = YES_ERROR;
				GCC_WARN_UNDECLARED_SELECTOR = YES;
				GCC_WARN_UNINITIALIZED_AUTOS = YES_AGGRESSIVE;
				GCC_WARN_UNUSED_FUNCTION = YES;
				GCC_WARN_UNUSED_VARIABLE = YES;
				IPHONEOS_DEPLOYMENT_TARGET = 12.2;
				MTL_ENABLE_DEBUG_INFO = INCLUDE_SOURCE;
				MTL_FAST_MATH = YES;
				ONLY_ACTIVE_ARCH = YES;
				SDKROOT = iphoneos;
				SWIFT_ACTIVE_COMPILATION_CONDITIONS = DEBUG;
				SWIFT_OPTIMIZATION_LEVEL = "-Onone";
			};
			name = Debug;
		};
		18B12C802302FE4D009547BD /* Release */ = {
			isa = XCBuildConfiguration;
			buildSettings = {
				ALWAYS_SEARCH_USER_PATHS = NO;
				CLANG_ANALYZER_NONNULL = YES;
				CLANG_ANALYZER_NUMBER_OBJECT_CONVERSION = YES_AGGRESSIVE;
				CLANG_CXX_LANGUAGE_STANDARD = "gnu++14";
				CLANG_CXX_LIBRARY = "libc++";
				CLANG_ENABLE_MODULES = YES;
				CLANG_ENABLE_OBJC_ARC = YES;
				CLANG_ENABLE_OBJC_WEAK = YES;
				CLANG_WARN_BLOCK_CAPTURE_AUTORELEASING = YES;
				CLANG_WARN_BOOL_CONVERSION = YES;
				CLANG_WARN_COMMA = YES;
				CLANG_WARN_CONSTANT_CONVERSION = YES;
				CLANG_WARN_DEPRECATED_OBJC_IMPLEMENTATIONS = YES;
				CLANG_WARN_DIRECT_OBJC_ISA_USAGE = YES_ERROR;
				CLANG_WARN_DOCUMENTATION_COMMENTS = YES;
				CLANG_WARN_EMPTY_BODY = YES;
				CLANG_WARN_ENUM_CONVERSION = YES;
				CLANG_WARN_INFINITE_RECURSION = YES;
				CLANG_WARN_INT_CONVERSION = YES;
				CLANG_WARN_NON_LITERAL_NULL_CONVERSION = YES;
				CLANG_WARN_OBJC_IMPLICIT_RETAIN_SELF = YES;
				CLANG_WARN_OBJC_LITERAL_CONVERSION = YES;
				CLANG_WARN_OBJC_ROOT_CLASS = YES_ERROR;
				CLANG_WARN_RANGE_LOOP_ANALYSIS = YES;
				CLANG_WARN_STRICT_PROTOTYPES = YES;
				CLANG_WARN_SUSPICIOUS_MOVE = YES;
				CLANG_WARN_UNGUARDED_AVAILABILITY = YES_AGGRESSIVE;
				CLANG_WARN_UNREACHABLE_CODE = YES;
				CLANG_WARN__DUPLICATE_METHOD_MATCH = YES;
				CODE_SIGN_IDENTITY = "iPhone Developer";
				COPY_PHASE_STRIP = NO;
				DEBUG_INFORMATION_FORMAT = "dwarf-with-dsym";
				ENABLE_NS_ASSERTIONS = NO;
				ENABLE_STRICT_OBJC_MSGSEND = YES;
				GCC_C_LANGUAGE_STANDARD = gnu11;
				GCC_NO_COMMON_BLOCKS = YES;
				GCC_WARN_64_TO_32_BIT_CONVERSION = YES;
				GCC_WARN_ABOUT_RETURN_TYPE = YES_ERROR;
				GCC_WARN_UNDECLARED_SELECTOR = YES;
				GCC_WARN_UNINITIALIZED_AUTOS = YES_AGGRESSIVE;
				GCC_WARN_UNUSED_FUNCTION = YES;
				GCC_WARN_UNUSED_VARIABLE = YES;
				IPHONEOS_DEPLOYMENT_TARGET = 12.2;
				MTL_ENABLE_DEBUG_INFO = NO;
				MTL_FAST_MATH = YES;
				SDKROOT = iphoneos;
				SWIFT_COMPILATION_MODE = wholemodule;
				SWIFT_OPTIMIZATION_LEVEL = "-O";
				VALIDATE_PRODUCT = YES;
			};
			name = Release;
		};
		18B12C822302FE4D009547BD /* Debug */ = {
			isa = XCBuildConfiguration;
			buildSettings = {
				ASSETCATALOG_COMPILER_APPICON_NAME = AppIcon;
				CODE_SIGN_STYLE = Automatic;
				INFOPLIST_FILE = viewFinder/Info.plist;
				LD_RUNPATH_SEARCH_PATHS = (
					"$(inherited)",
					"@executable_path/Frameworks",
				);
				PRODUCT_BUNDLE_IDENTIFIER = lizzie.viewFinder;
				PRODUCT_NAME = "$(TARGET_NAME)";
				SWIFT_VERSION = 5.0;
				TARGETED_DEVICE_FAMILY = "1,2";
			};
			name = Debug;
		};
		18B12C832302FE4D009547BD /* Release */ = {
			isa = XCBuildConfiguration;
			buildSettings = {
				ASSETCATALOG_COMPILER_APPICON_NAME = AppIcon;
				CODE_SIGN_STYLE = Automatic;
				INFOPLIST_FILE = viewFinder/Info.plist;
				LD_RUNPATH_SEARCH_PATHS = (
					"$(inherited)",
					"@executable_path/Frameworks",
				);
				PRODUCT_BUNDLE_IDENTIFIER = lizzie.viewFinder;
				PRODUCT_NAME = "$(TARGET_NAME)";
				SWIFT_VERSION = 5.0;
				TARGETED_DEVICE_FAMILY = "1,2";
			};
			name = Release;
		};
		18B12C852302FE4D009547BD /* Debug */ = {
			isa = XCBuildConfiguration;
			buildSettings = {
				ALWAYS_EMBED_SWIFT_STANDARD_LIBRARIES = YES;
				CODE_SIGN_STYLE = Automatic;
				INFOPLIST_FILE = viewFinderUITests/Info.plist;
				LD_RUNPATH_SEARCH_PATHS = (
					"$(inherited)",
					"@executable_path/Frameworks",
					"@loader_path/Frameworks",
				);
				PRODUCT_BUNDLE_IDENTIFIER = lizzie.viewFinderUITests;
				PRODUCT_NAME = "$(TARGET_NAME)";
				SWIFT_VERSION = 5.0;
				TARGETED_DEVICE_FAMILY = "1,2";
				TEST_TARGET_NAME = viewFinder;
			};
			name = Debug;
		};
		18B12C862302FE4D009547BD /* Release */ = {
			isa = XCBuildConfiguration;
			buildSettings = {
				ALWAYS_EMBED_SWIFT_STANDARD_LIBRARIES = YES;
				CODE_SIGN_STYLE = Automatic;
				INFOPLIST_FILE = viewFinderUITests/Info.plist;
				LD_RUNPATH_SEARCH_PATHS = (
					"$(inherited)",
					"@executable_path/Frameworks",
					"@loader_path/Frameworks",
				);
				PRODUCT_BUNDLE_IDENTIFIER = lizzie.viewFinderUITests;
				PRODUCT_NAME = "$(TARGET_NAME)";
				SWIFT_VERSION = 5.0;
				TARGETED_DEVICE_FAMILY = "1,2";
				TEST_TARGET_NAME = viewFinder;
			};
			name = Release;
		};
/* End XCBuildConfiguration section */

/* Begin XCConfigurationList section */
		18B12C5C2302FE4A009547BD /* Build configuration list for PBXProject "viewFinder" */ = {
			isa = XCConfigurationList;
			buildConfigurations = (
				18B12C7F2302FE4D009547BD /* Debug */,
				18B12C802302FE4D009547BD /* Release */,
			);
			defaultConfigurationIsVisible = 0;
			defaultConfigurationName = Release;
		};
		18B12C812302FE4D009547BD /* Build configuration list for PBXNativeTarget "viewFinder" */ = {
			isa = XCConfigurationList;
			buildConfigurations = (
				18B12C822302FE4D009547BD /* Debug */,
				18B12C832302FE4D009547BD /* Release */,
			);
			defaultConfigurationIsVisible = 0;
			defaultConfigurationName = Release;
		};
		18B12C842302FE4D009547BD /* Build configuration list for PBXNativeTarget "viewFinderUITests" */ = {
			isa = XCConfigurationList;
			buildConfigurations = (
				18B12C852302FE4D009547BD /* Debug */,
				18B12C862302FE4D009547BD /* Release */,
			);
			defaultConfigurationIsVisible = 0;
			defaultConfigurationName = Release;
		};
/* End XCConfigurationList section */

/* Begin XCVersionGroup section */
		18B12C6B2302FE4A009547BD /* viewFinder.xcdatamodeld */ = {
			isa = XCVersionGroup;
			children = (
				18B12C6C2302FE4A009547BD /* viewFinder.xcdatamodel */,
			);
			currentVersion = 18B12C6C2302FE4A009547BD /* viewFinder.xcdatamodel */;
			path = viewFinder.xcdatamodeld;
			sourceTree = "<group>";
			versionGroupType = wrapper.xcdatamodel;
		};
/* End XCVersionGroup section */
	};
	rootObject = 18B12C592302FE4A009547BD /* Project object */;
}
